// !$*UTF8*$!
{
	archiveVersion = 1;
	classes = {
	};
	objectVersion = 46;
	objects = {

/* Begin PBXBuildFile section */
		066C9C6DF264D6850C8B15B3 /* Pods_MeetSwift.framework in Frameworks */ = {isa = PBXBuildFile; fileRef = 6C7257901B74844DD6CF9D94 /* Pods_MeetSwift.framework */; };
		A14930111D717F210090E647 /* MAPI.swift in Sources */ = {isa = PBXBuildFile; fileRef = A14930101D717F210090E647 /* MAPI.swift */; };
		A15ED1101D8456660022AA87 /* CircleProgressView.swift in Sources */ = {isa = PBXBuildFile; fileRef = A15ED10F1D8456660022AA87 /* CircleProgressView.swift */; };
		A15ED1131D8462E20022AA87 /* HexColor.swift in Sources */ = {isa = PBXBuildFile; fileRef = A15ED1121D8462E20022AA87 /* HexColor.swift */; };
		A15ED1171D8478BB0022AA87 /* ReviseWordsViewController.swift in Sources */ = {isa = PBXBuildFile; fileRef = A15ED1161D8478BB0022AA87 /* ReviseWordsViewController.swift */; };
		A15ED1191D847AAE0022AA87 /* RealmConfig.swift in Sources */ = {isa = PBXBuildFile; fileRef = A15ED1181D847AAE0022AA87 /* RealmConfig.swift */; };
		A19335BD1D839DDC00A9E4BD /* TopContributerViewController.swift in Sources */ = {isa = PBXBuildFile; fileRef = A19335BC1D839DDC00A9E4BD /* TopContributerViewController.swift */; };
		A19335BF1D83AA6400A9E4BD /* GlobalViewController.swift in Sources */ = {isa = PBXBuildFile; fileRef = A19335BE1D83AA6400A9E4BD /* GlobalViewController.swift */; };
		A1B91D151D7F200D00BCF30A /* WordDetailViewController.swift in Sources */ = {isa = PBXBuildFile; fileRef = A1B91D141D7F200D00BCF30A /* WordDetailViewController.swift */; };
		A1B91D171D7F2ED200BCF30A /* MeetModel.swift in Sources */ = {isa = PBXBuildFile; fileRef = A1B91D161D7F20E300BCF30A /* MeetModel.swift */; };
		A1B91D1A1D8117E100BCF30A /* WordBasicCell.swift in Sources */ = {isa = PBXBuildFile; fileRef = A1B91D191D8117E100BCF30A /* WordBasicCell.swift */; };
		A1B91D1C1D81198600BCF30A /* WordSampleCell.swift in Sources */ = {isa = PBXBuildFile; fileRef = A1B91D1B1D81198600BCF30A /* WordSampleCell.swift */; };
		A1B91D1F1D817A6000BCF30A /* TodayCollectTableViewController.swift in Sources */ = {isa = PBXBuildFile; fileRef = A1B91D1D1D8178F900BCF30A /* TodayCollectTableViewController.swift */; };
		A1B91D201D817A6000BCF30A /* StoreTableViewController.swift in Sources */ = {isa = PBXBuildFile; fileRef = A1B91D1E1D81791500BCF30A /* StoreTableViewController.swift */; };
		A1B91D221D81BC5C00BCF30A /* UserProfileViewController.swift in Sources */ = {isa = PBXBuildFile; fileRef = A1B91D211D81BC5C00BCF30A /* UserProfileViewController.swift */; };
		A1B91D271D81BE4D00BCF30A /* UserProfileCell.swift in Sources */ = {isa = PBXBuildFile; fileRef = A1B91D261D81BE4D00BCF30A /* UserProfileCell.swift */; };
		A1B91D291D82690000BCF30A /* SignUpViewController.swift in Sources */ = {isa = PBXBuildFile; fileRef = A1B91D281D82690000BCF30A /* SignUpViewController.swift */; };
		A1B91D2B1D82691400BCF30A /* SignInViewController.swift in Sources */ = {isa = PBXBuildFile; fileRef = A1B91D2A1D82691400BCF30A /* SignInViewController.swift */; };
		A1B91D2E1D82728400BCF30A /* Config.swift in Sources */ = {isa = PBXBuildFile; fileRef = A1B91D2D1D82728400BCF30A /* Config.swift */; };
		A1B91D301D8273A500BCF30A /* UserDefault.swift in Sources */ = {isa = PBXBuildFile; fileRef = A1B91D2F1D8273A500BCF30A /* UserDefault.swift */; };
		A1EEB2D51D6C388D0089FA42 /* AppDelegate.swift in Sources */ = {isa = PBXBuildFile; fileRef = A1EEB2D41D6C388D0089FA42 /* AppDelegate.swift */; };
		A1EEB2D71D6C388D0089FA42 /* ViewController.swift in Sources */ = {isa = PBXBuildFile; fileRef = A1EEB2D61D6C388D0089FA42 /* ViewController.swift */; };
		A1EEB2DA1D6C388D0089FA42 /* Main.storyboard in Resources */ = {isa = PBXBuildFile; fileRef = A1EEB2D81D6C388D0089FA42 /* Main.storyboard */; };
		A1EEB2DC1D6C388D0089FA42 /* Assets.xcassets in Resources */ = {isa = PBXBuildFile; fileRef = A1EEB2DB1D6C388D0089FA42 /* Assets.xcassets */; };
		A1EEB2DF1D6C388D0089FA42 /* LaunchScreen.storyboard in Resources */ = {isa = PBXBuildFile; fileRef = A1EEB2DD1D6C388D0089FA42 /* LaunchScreen.storyboard */; };
		A1EEB2EB1D6DFA0B0089FA42 /* CollectWordsViewController.swift in Sources */ = {isa = PBXBuildFile; fileRef = A1EEB2EA1D6DFA0B0089FA42 /* CollectWordsViewController.swift */; };
/* End PBXBuildFile section */

/* Begin PBXFileReference section */
		6C7257901B74844DD6CF9D94 /* Pods_MeetSwift.framework */ = {isa = PBXFileReference; explicitFileType = wrapper.framework; includeInIndex = 0; path = Pods_MeetSwift.framework; sourceTree = BUILT_PRODUCTS_DIR; };
		72B42701F12D3C037CA9A09A /* Pods-MeetSwift.debug.xcconfig */ = {isa = PBXFileReference; includeInIndex = 1; lastKnownFileType = text.xcconfig; name = "Pods-MeetSwift.debug.xcconfig"; path = "Pods/Target Support Files/Pods-MeetSwift/Pods-MeetSwift.debug.xcconfig"; sourceTree = "<group>"; };
		A14930101D717F210090E647 /* MAPI.swift */ = {isa = PBXFileReference; fileEncoding = 4; lastKnownFileType = sourcecode.swift; path = MAPI.swift; sourceTree = "<group>"; };
		A15ED10F1D8456660022AA87 /* CircleProgressView.swift */ = {isa = PBXFileReference; fileEncoding = 4; lastKnownFileType = sourcecode.swift; path = CircleProgressView.swift; sourceTree = "<group>"; };
		A15ED1121D8462E20022AA87 /* HexColor.swift */ = {isa = PBXFileReference; fileEncoding = 4; lastKnownFileType = sourcecode.swift; path = HexColor.swift; sourceTree = "<group>"; };
		A15ED1161D8478BB0022AA87 /* ReviseWordsViewController.swift */ = {isa = PBXFileReference; fileEncoding = 4; lastKnownFileType = sourcecode.swift; path = ReviseWordsViewController.swift; sourceTree = "<group>"; };
		A15ED1181D847AAE0022AA87 /* RealmConfig.swift */ = {isa = PBXFileReference; fileEncoding = 4; lastKnownFileType = sourcecode.swift; path = RealmConfig.swift; sourceTree = "<group>"; };
		A19335BC1D839DDC00A9E4BD /* TopContributerViewController.swift */ = {isa = PBXFileReference; fileEncoding = 4; lastKnownFileType = sourcecode.swift; path = TopContributerViewController.swift; sourceTree = "<group>"; };
		A19335BE1D83AA6400A9E4BD /* GlobalViewController.swift */ = {isa = PBXFileReference; fileEncoding = 4; lastKnownFileType = sourcecode.swift; path = GlobalViewController.swift; sourceTree = "<group>"; };
		A1B91D141D7F200D00BCF30A /* WordDetailViewController.swift */ = {isa = PBXFileReference; fileEncoding = 4; lastKnownFileType = sourcecode.swift; path = WordDetailViewController.swift; sourceTree = "<group>"; };
		A1B91D161D7F20E300BCF30A /* MeetModel.swift */ = {isa = PBXFileReference; lastKnownFileType = sourcecode.swift; path = MeetModel.swift; sourceTree = "<group>"; };
		A1B91D191D8117E100BCF30A /* WordBasicCell.swift */ = {isa = PBXFileReference; fileEncoding = 4; lastKnownFileType = sourcecode.swift; path = WordBasicCell.swift; sourceTree = "<group>"; };
		A1B91D1B1D81198600BCF30A /* WordSampleCell.swift */ = {isa = PBXFileReference; fileEncoding = 4; lastKnownFileType = sourcecode.swift; path = WordSampleCell.swift; sourceTree = "<group>"; };
		A1B91D1D1D8178F900BCF30A /* TodayCollectTableViewController.swift */ = {isa = PBXFileReference; lastKnownFileType = sourcecode.swift; path = TodayCollectTableViewController.swift; sourceTree = "<group>"; };
		A1B91D1E1D81791500BCF30A /* StoreTableViewController.swift */ = {isa = PBXFileReference; lastKnownFileType = sourcecode.swift; path = StoreTableViewController.swift; sourceTree = "<group>"; };
		A1B91D211D81BC5C00BCF30A /* UserProfileViewController.swift */ = {isa = PBXFileReference; fileEncoding = 4; lastKnownFileType = sourcecode.swift; path = UserProfileViewController.swift; sourceTree = "<group>"; };
		A1B91D261D81BE4D00BCF30A /* UserProfileCell.swift */ = {isa = PBXFileReference; fileEncoding = 4; lastKnownFileType = sourcecode.swift; path = UserProfileCell.swift; sourceTree = "<group>"; };
		A1B91D281D82690000BCF30A /* SignUpViewController.swift */ = {isa = PBXFileReference; fileEncoding = 4; lastKnownFileType = sourcecode.swift; path = SignUpViewController.swift; sourceTree = "<group>"; };
		A1B91D2A1D82691400BCF30A /* SignInViewController.swift */ = {isa = PBXFileReference; fileEncoding = 4; lastKnownFileType = sourcecode.swift; path = SignInViewController.swift; sourceTree = "<group>"; };
		A1B91D2D1D82728400BCF30A /* Config.swift */ = {isa = PBXFileReference; fileEncoding = 4; lastKnownFileType = sourcecode.swift; path = Config.swift; sourceTree = "<group>"; };
		A1B91D2F1D8273A500BCF30A /* UserDefault.swift */ = {isa = PBXFileReference; fileEncoding = 4; lastKnownFileType = sourcecode.swift; path = UserDefault.swift; sourceTree = "<group>"; };
		A1EEB2D11D6C388D0089FA42 /* MeetSwift.app */ = {isa = PBXFileReference; explicitFileType = wrapper.application; includeInIndex = 0; path = MeetSwift.app; sourceTree = BUILT_PRODUCTS_DIR; };
		A1EEB2D41D6C388D0089FA42 /* AppDelegate.swift */ = {isa = PBXFileReference; lastKnownFileType = sourcecode.swift; path = AppDelegate.swift; sourceTree = "<group>"; };
		A1EEB2D61D6C388D0089FA42 /* ViewController.swift */ = {isa = PBXFileReference; lastKnownFileType = sourcecode.swift; path = ViewController.swift; sourceTree = "<group>"; };
		A1EEB2D91D6C388D0089FA42 /* Base */ = {isa = PBXFileReference; lastKnownFileType = file.storyboard; name = Base; path = Base.lproj/Main.storyboard; sourceTree = "<group>"; };
		A1EEB2DB1D6C388D0089FA42 /* Assets.xcassets */ = {isa = PBXFileReference; lastKnownFileType = folder.assetcatalog; path = Assets.xcassets; sourceTree = "<group>"; };
		A1EEB2DE1D6C388D0089FA42 /* Base */ = {isa = PBXFileReference; lastKnownFileType = file.storyboard; name = Base; path = Base.lproj/LaunchScreen.storyboard; sourceTree = "<group>"; };
		A1EEB2E01D6C388D0089FA42 /* Info.plist */ = {isa = PBXFileReference; lastKnownFileType = text.plist.xml; path = Info.plist; sourceTree = "<group>"; };
		A1EEB2EA1D6DFA0B0089FA42 /* CollectWordsViewController.swift */ = {isa = PBXFileReference; fileEncoding = 4; lastKnownFileType = sourcecode.swift; path = CollectWordsViewController.swift; sourceTree = "<group>"; };
		C18BD93F41EB40E675A9D400 /* Pods-MeetSwift.release.xcconfig */ = {isa = PBXFileReference; includeInIndex = 1; lastKnownFileType = text.xcconfig; name = "Pods-MeetSwift.release.xcconfig"; path = "Pods/Target Support Files/Pods-MeetSwift/Pods-MeetSwift.release.xcconfig"; sourceTree = "<group>"; };
/* End PBXFileReference section */

/* Begin PBXFrameworksBuildPhase section */
		A1EEB2CE1D6C388D0089FA42 /* Frameworks */ = {
			isa = PBXFrameworksBuildPhase;
			buildActionMask = 2147483647;
			files = (
				066C9C6DF264D6850C8B15B3 /* Pods_MeetSwift.framework in Frameworks */,
			);
			runOnlyForDeploymentPostprocessing = 0;
		};
/* End PBXFrameworksBuildPhase section */

/* Begin PBXGroup section */
		1FAA6D62A5F8FFF0BE9EFE30 /* Pods */ = {
			isa = PBXGroup;
			children = (
				72B42701F12D3C037CA9A09A /* Pods-MeetSwift.debug.xcconfig */,
				C18BD93F41EB40E675A9D400 /* Pods-MeetSwift.release.xcconfig */,
			);
			name = Pods;
			sourceTree = "<group>";
		};
		A15ED1111D84629D0022AA87 /* Helper */ = {
			isa = PBXGroup;
			children = (
				A15ED1121D8462E20022AA87 /* HexColor.swift */,
			);
			name = Helper;
			sourceTree = "<group>";
		};
		A1B91D181D8117BD00BCF30A /* Cell */ = {
			isa = PBXGroup;
			children = (
				A1B91D191D8117E100BCF30A /* WordBasicCell.swift */,
				A1B91D1B1D81198600BCF30A /* WordSampleCell.swift */,
				A1B91D261D81BE4D00BCF30A /* UserProfileCell.swift */,
			);
			name = Cell;
			sourceTree = "<group>";
		};
		A1B91D251D81BDF800BCF30A /* View */ = {
			isa = PBXGroup;
			children = (
				A15ED10F1D8456660022AA87 /* CircleProgressView.swift */,
			);
			name = View;
			sourceTree = "<group>";
		};
		A1EEB2C81D6C388D0089FA42 = {
			isa = PBXGroup;
			children = (
				A1EEB2D31D6C388D0089FA42 /* MeetSwift */,
				A1EEB2D21D6C388D0089FA42 /* Products */,
				1FAA6D62A5F8FFF0BE9EFE30 /* Pods */,
				B354D076EAAABACEAB4982E3 /* Frameworks */,
			);
			sourceTree = "<group>";
		};
		A1EEB2D21D6C388D0089FA42 /* Products */ = {
			isa = PBXGroup;
			children = (
				A1EEB2D11D6C388D0089FA42 /* MeetSwift.app */,
			);
			name = Products;
			sourceTree = "<group>";
		};
		A1EEB2D31D6C388D0089FA42 /* MeetSwift */ = {
			isa = PBXGroup;
			children = (
				A15ED1111D84629D0022AA87 /* Helper */,
				A1B91D251D81BDF800BCF30A /* View */,
				A1B91D181D8117BD00BCF30A /* Cell */,
				A1EEB2D41D6C388D0089FA42 /* AppDelegate.swift */,
				A1EEB2D61D6C388D0089FA42 /* ViewController.swift */,
				A1EEB2EA1D6DFA0B0089FA42 /* CollectWordsViewController.swift */,
				A1B91D1D1D8178F900BCF30A /* TodayCollectTableViewController.swift */,
				A1B91D1E1D81791500BCF30A /* StoreTableViewController.swift */,
				A1B91D141D7F200D00BCF30A /* WordDetailViewController.swift */,
				A1B91D211D81BC5C00BCF30A /* UserProfileViewController.swift */,
				A1EEB2D81D6C388D0089FA42 /* Main.storyboard */,
				A1EEB2DB1D6C388D0089FA42 /* Assets.xcassets */,
				A1EEB2DD1D6C388D0089FA42 /* LaunchScreen.storyboard */,
				A1EEB2E01D6C388D0089FA42 /* Info.plist */,
				A14930101D717F210090E647 /* MAPI.swift */,
				A1B91D161D7F20E300BCF30A /* MeetModel.swift */,
				A1B91D281D82690000BCF30A /* SignUpViewController.swift */,
				A1B91D2A1D82691400BCF30A /* SignInViewController.swift */,
				A1B91D2D1D82728400BCF30A /* Config.swift */,
				A1B91D2F1D8273A500BCF30A /* UserDefault.swift */,
				A19335BC1D839DDC00A9E4BD /* TopContributerViewController.swift */,
				A19335BE1D83AA6400A9E4BD /* GlobalViewController.swift */,
				A15ED1161D8478BB0022AA87 /* ReviseWordsViewController.swift */,
				A15ED1181D847AAE0022AA87 /* RealmConfig.swift */,
			);
			path = MeetSwift;
			sourceTree = "<group>";
		};
		B354D076EAAABACEAB4982E3 /* Frameworks */ = {
			isa = PBXGroup;
			children = (
				6C7257901B74844DD6CF9D94 /* Pods_MeetSwift.framework */,
			);
			name = Frameworks;
			sourceTree = "<group>";
		};
/* End PBXGroup section */

/* Begin PBXNativeTarget section */
		A1EEB2D01D6C388D0089FA42 /* MeetSwift */ = {
			isa = PBXNativeTarget;
			buildConfigurationList = A1EEB2E31D6C388D0089FA42 /* Build configuration list for PBXNativeTarget "MeetSwift" */;
			buildPhases = (
				97D7F8656E5A3BD7C51D93FC /* [CP] Check Pods Manifest.lock */,
				A1EEB2CD1D6C388D0089FA42 /* Sources */,
				A1EEB2CE1D6C388D0089FA42 /* Frameworks */,
				A1EEB2CF1D6C388D0089FA42 /* Resources */,
				EB39F04F6420F0499AA3A929 /* [CP] Embed Pods Frameworks */,
				99E67C9A85451F3426EF02F6 /* [CP] Copy Pods Resources */,
				1F97F4220ED38DE64D8ED03F /* Embed Pods Frameworks */,
				A1B91D2C1D826FB700BCF30A /* ShellScript */,
			);
			buildRules = (
			);
			dependencies = (
			);
			name = MeetSwift;
			productName = MeetSwift;
			productReference = A1EEB2D11D6C388D0089FA42 /* MeetSwift.app */;
			productType = "com.apple.product-type.application";
		};
/* End PBXNativeTarget section */

/* Begin PBXProject section */
		A1EEB2C91D6C388D0089FA42 /* Project object */ = {
			isa = PBXProject;
			attributes = {
				LastSwiftUpdateCheck = 0730;
				LastUpgradeCheck = 0730;
				ORGANIZATIONNAME = AventLabs;
				TargetAttributes = {
					A1EEB2D01D6C388D0089FA42 = {
						CreatedOnToolsVersion = 7.3;
						DevelopmentTeam = 5W47V2SDCF;
						SystemCapabilities = {
							com.apple.ApplicationGroups.iOS = {
								enabled = 0;
							};
						};
					};
				};
			};
			buildConfigurationList = A1EEB2CC1D6C388D0089FA42 /* Build configuration list for PBXProject "MeetSwift" */;
			compatibilityVersion = "Xcode 3.2";
			developmentRegion = English;
			hasScannedForEncodings = 0;
			knownRegions = (
				en,
				Base,
			);
			mainGroup = A1EEB2C81D6C388D0089FA42;
			productRefGroup = A1EEB2D21D6C388D0089FA42 /* Products */;
			projectDirPath = "";
			projectRoot = "";
			targets = (
				A1EEB2D01D6C388D0089FA42 /* MeetSwift */,
			);
		};
/* End PBXProject section */

/* Begin PBXResourcesBuildPhase section */
		A1EEB2CF1D6C388D0089FA42 /* Resources */ = {
			isa = PBXResourcesBuildPhase;
			buildActionMask = 2147483647;
			files = (
				A1EEB2DF1D6C388D0089FA42 /* LaunchScreen.storyboard in Resources */,
				A1EEB2DC1D6C388D0089FA42 /* Assets.xcassets in Resources */,
				A1EEB2DA1D6C388D0089FA42 /* Main.storyboard in Resources */,
			);
			runOnlyForDeploymentPostprocessing = 0;
		};
/* End PBXResourcesBuildPhase section */

/* Begin PBXShellScriptBuildPhase section */
		1F97F4220ED38DE64D8ED03F /* Embed Pods Frameworks */ = {
			isa = PBXShellScriptBuildPhase;
			buildActionMask = 2147483647;
			files = (
			);
			inputPaths = (
			);
			name = "Embed Pods Frameworks";
			outputPaths = (
			);
			runOnlyForDeploymentPostprocessing = 0;
			shellPath = /bin/sh;
			shellScript = "\"${SRCROOT}/Pods/Target Support Files/Pods-MeetSwift/Pods-MeetSwift-frameworks.sh\"\n";
			showEnvVarsInLog = 0;
		};
		97D7F8656E5A3BD7C51D93FC /* [CP] Check Pods Manifest.lock */ = {
			isa = PBXShellScriptBuildPhase;
			buildActionMask = 2147483647;
			files = (
			);
			inputPaths = (
			);
			name = "[CP] Check Pods Manifest.lock";
			outputPaths = (
			);
			runOnlyForDeploymentPostprocessing = 0;
			shellPath = /bin/sh;
			shellScript = "diff \"${PODS_ROOT}/../Podfile.lock\" \"${PODS_ROOT}/Manifest.lock\" > /dev/null\nif [[ $? != 0 ]] ; then\n    cat << EOM\nerror: The sandbox is not in sync with the Podfile.lock. Run 'pod install' or update your CocoaPods installation.\nEOM\n    exit 1\nfi\n";
			showEnvVarsInLog = 0;
		};
		99E67C9A85451F3426EF02F6 /* [CP] Copy Pods Resources */ = {
			isa = PBXShellScriptBuildPhase;
			buildActionMask = 2147483647;
			files = (
			);
			inputPaths = (
			);
			name = "[CP] Copy Pods Resources";
			outputPaths = (
			);
			runOnlyForDeploymentPostprocessing = 0;
			shellPath = /bin/sh;
			shellScript = "\"${SRCROOT}/Pods/Target Support Files/Pods-MeetSwift/Pods-MeetSwift-resources.sh\"\n";
			showEnvVarsInLog = 0;
		};
		A1B91D2C1D826FB700BCF30A /* ShellScript */ = {
			isa = PBXShellScriptBuildPhase;
			buildActionMask = 2147483647;
			files = (
			);
			inputPaths = (
			);
			outputPaths = (
			);
			runOnlyForDeploymentPostprocessing = 0;
			shellPath = /bin/sh;
			shellScript = "\"${PODS_ROOT}/Fabric/run\" 3ca00201ea762c8d7baec7b71cb91f0ae2508a12 aa3d700db7f9dedbef7dafd857228690a2b0fc70058de3aeed077fc4f559d473";
		};
		EB39F04F6420F0499AA3A929 /* [CP] Embed Pods Frameworks */ = {
			isa = PBXShellScriptBuildPhase;
			buildActionMask = 2147483647;
			files = (
			);
			inputPaths = (
			);
			name = "[CP] Embed Pods Frameworks";
			outputPaths = (
			);
			runOnlyForDeploymentPostprocessing = 0;
			shellPath = /bin/sh;
			shellScript = "\"${SRCROOT}/Pods/Target Support Files/Pods-MeetSwift/Pods-MeetSwift-frameworks.sh\"\n";
			showEnvVarsInLog = 0;
		};
/* End PBXShellScriptBuildPhase section */

/* Begin PBXSourcesBuildPhase section */
		A1EEB2CD1D6C388D0089FA42 /* Sources */ = {
			isa = PBXSourcesBuildPhase;
			buildActionMask = 2147483647;
			files = (
				A1B91D301D8273A500BCF30A /* UserDefault.swift in Sources */,
				A19335BD1D839DDC00A9E4BD /* TopContributerViewController.swift in Sources */,
				A1B91D2B1D82691400BCF30A /* SignInViewController.swift in Sources */,
				A1B91D1F1D817A6000BCF30A /* TodayCollectTableViewController.swift in Sources */,
				A1B91D2E1D82728400BCF30A /* Config.swift in Sources */,
				A1B91D201D817A6000BCF30A /* StoreTableViewController.swift in Sources */,
				A1B91D171D7F2ED200BCF30A /* MeetModel.swift in Sources */,
				A14930111D717F210090E647 /* MAPI.swift in Sources */,
				A1B91D151D7F200D00BCF30A /* WordDetailViewController.swift in Sources */,
				A1EEB2D71D6C388D0089FA42 /* ViewController.swift in Sources */,
				A1EEB2D51D6C388D0089FA42 /* AppDelegate.swift in Sources */,
				A1B91D271D81BE4D00BCF30A /* UserProfileCell.swift in Sources */,
				A15ED1101D8456660022AA87 /* CircleProgressView.swift in Sources */,
				A1B91D1C1D81198600BCF30A /* WordSampleCell.swift in Sources */,
				A19335BF1D83AA6400A9E4BD /* GlobalViewController.swift in Sources */,
				A15ED1171D8478BB0022AA87 /* ReviseWordsViewController.swift in Sources */,
				A1EEB2EB1D6DFA0B0089FA42 /* CollectWordsViewController.swift in Sources */,
				A1B91D221D81BC5C00BCF30A /* UserProfileViewController.swift in Sources */,
				A15ED1131D8462E20022AA87 /* HexColor.swift in Sources */,
				A15ED1191D847AAE0022AA87 /* RealmConfig.swift in Sources */,
				A1B91D291D82690000BCF30A /* SignUpViewController.swift in Sources */,
				A1B91D1A1D8117E100BCF30A /* WordBasicCell.swift in Sources */,
			);
			runOnlyForDeploymentPostprocessing = 0;
		};
/* End PBXSourcesBuildPhase section */

/* Begin PBXVariantGroup section */
		A1EEB2D81D6C388D0089FA42 /* Main.storyboard */ = {
			isa = PBXVariantGroup;
			children = (
				A1EEB2D91D6C388D0089FA42 /* Base */,
			);
			name = Main.storyboard;
			sourceTree = "<group>";
		};
		A1EEB2DD1D6C388D0089FA42 /* LaunchScreen.storyboard */ = {
			isa = PBXVariantGroup;
			children = (
				A1EEB2DE1D6C388D0089FA42 /* Base */,
			);
			name = LaunchScreen.storyboard;
			sourceTree = "<group>";
		};
/* End PBXVariantGroup section */

/* Begin XCBuildConfiguration section */
		A1EEB2E11D6C388D0089FA42 /* Debug */ = {
			isa = XCBuildConfiguration;
			buildSettings = {
				ALWAYS_SEARCH_USER_PATHS = NO;
				CLANG_ANALYZER_NONNULL = YES;
				CLANG_CXX_LANGUAGE_STANDARD = "gnu++0x";
				CLANG_CXX_LIBRARY = "libc++";
				CLANG_ENABLE_MODULES = YES;
				CLANG_ENABLE_OBJC_ARC = YES;
				CLANG_WARN_BOOL_CONVERSION = YES;
				CLANG_WARN_CONSTANT_CONVERSION = YES;
				CLANG_WARN_DIRECT_OBJC_ISA_USAGE = YES_ERROR;
				CLANG_WARN_EMPTY_BODY = YES;
				CLANG_WARN_ENUM_CONVERSION = YES;
				CLANG_WARN_INT_CONVERSION = YES;
				CLANG_WARN_OBJC_ROOT_CLASS = YES_ERROR;
				CLANG_WARN_UNREACHABLE_CODE = YES;
				CLANG_WARN__DUPLICATE_METHOD_MATCH = YES;
				"CODE_SIGN_IDENTITY[sdk=iphoneos*]" = "iPhone Developer";
				COPY_PHASE_STRIP = NO;
				DEBUG_INFORMATION_FORMAT = dwarf;
				ENABLE_STRICT_OBJC_MSGSEND = YES;
				ENABLE_TESTABILITY = YES;
				GCC_C_LANGUAGE_STANDARD = gnu99;
				GCC_DYNAMIC_NO_PIC = NO;
				GCC_NO_COMMON_BLOCKS = YES;
				GCC_OPTIMIZATION_LEVEL = 0;
				GCC_PREPROCESSOR_DEFINITIONS = (
					"DEBUG=1",
					"$(inherited)",
				);
				GCC_WARN_64_TO_32_BIT_CONVERSION = YES;
				GCC_WARN_ABOUT_RETURN_TYPE = YES_ERROR;
				GCC_WARN_UNDECLARED_SELECTOR = YES;
				GCC_WARN_UNINITIALIZED_AUTOS = YES_AGGRESSIVE;
				GCC_WARN_UNUSED_FUNCTION = YES;
				GCC_WARN_UNUSED_VARIABLE = YES;
				IPHONEOS_DEPLOYMENT_TARGET = 9.3;
				MTL_ENABLE_DEBUG_INFO = YES;
				ONLY_ACTIVE_ARCH = YES;
				SDKROOT = iphoneos;
				SWIFT_OPTIMIZATION_LEVEL = "-Onone";
				TARGETED_DEVICE_FAMILY = "1,2";
			};
			name = Debug;
		};
		A1EEB2E21D6C388D0089FA42 /* Release */ = {
			isa = XCBuildConfiguration;
			buildSettings = {
				ALWAYS_SEARCH_USER_PATHS = NO;
				CLANG_ANALYZER_NONNULL = YES;
				CLANG_CXX_LANGUAGE_STANDARD = "gnu++0x";
				CLANG_CXX_LIBRARY = "libc++";
				CLANG_ENABLE_MODULES = YES;
				CLANG_ENABLE_OBJC_ARC = YES;
				CLANG_WARN_BOOL_CONVERSION = YES;
				CLANG_WARN_CONSTANT_CONVERSION = YES;
				CLANG_WARN_DIRECT_OBJC_ISA_USAGE = YES_ERROR;
				CLANG_WARN_EMPTY_BODY = YES;
				CLANG_WARN_ENUM_CONVERSION = YES;
				CLANG_WARN_INT_CONVERSION = YES;
				CLANG_WARN_OBJC_ROOT_CLASS = YES_ERROR;
				CLANG_WARN_UNREACHABLE_CODE = YES;
				CLANG_WARN__DUPLICATE_METHOD_MATCH = YES;
				"CODE_SIGN_IDENTITY[sdk=iphoneos*]" = "iPhone Developer";
				COPY_PHASE_STRIP = NO;
				DEBUG_INFORMATION_FORMAT = "dwarf-with-dsym";
				ENABLE_NS_ASSERTIONS = NO;
				ENABLE_STRICT_OBJC_MSGSEND = YES;
				GCC_C_LANGUAGE_STANDARD = gnu99;
				GCC_NO_COMMON_BLOCKS = YES;
				GCC_WARN_64_TO_32_BIT_CONVERSION = YES;
				GCC_WARN_ABOUT_RETURN_TYPE = YES_ERROR;
				GCC_WARN_UNDECLARED_SELECTOR = YES;
				GCC_WARN_UNINITIALIZED_AUTOS = YES_AGGRESSIVE;
				GCC_WARN_UNUSED_FUNCTION = YES;
				GCC_WARN_UNUSED_VARIABLE = YES;
				IPHONEOS_DEPLOYMENT_TARGET = 9.3;
				MTL_ENABLE_DEBUG_INFO = NO;
				SDKROOT = iphoneos;
				TARGETED_DEVICE_FAMILY = "1,2";
				VALIDATE_PRODUCT = YES;
			};
			name = Release;
		};
		A1EEB2E41D6C388D0089FA42 /* Debug */ = {
			isa = XCBuildConfiguration;
			baseConfigurationReference = 72B42701F12D3C037CA9A09A /* Pods-MeetSwift.debug.xcconfig */;
			buildSettings = {
				ASSETCATALOG_COMPILER_APPICON_NAME = AppIcon;
				CODE_SIGN_IDENTITY = "iPhone Developer";
				DEBUG_INFORMATION_FORMAT = "dwarf-with-dsym";
				INFOPLIST_FILE = MeetSwift/Info.plist;
				IPHONEOS_DEPLOYMENT_TARGET = 8.0;
				LD_RUNPATH_SEARCH_PATHS = "$(inherited) @executable_path/Frameworks";
				PRODUCT_BUNDLE_IDENTIFIER = com.aventlabs.meet;
				PRODUCT_NAME = "$(TARGET_NAME)";
			};
			name = Debug;
		};
		A1EEB2E51D6C388D0089FA42 /* Release */ = {
			isa = XCBuildConfiguration;
			baseConfigurationReference = C18BD93F41EB40E675A9D400 /* Pods-MeetSwift.release.xcconfig */;
			buildSettings = {
				ASSETCATALOG_COMPILER_APPICON_NAME = AppIcon;
				CODE_SIGN_IDENTITY = "iPhone Developer";
				INFOPLIST_FILE = MeetSwift/Info.plist;
				IPHONEOS_DEPLOYMENT_TARGET = 8.0;
				LD_RUNPATH_SEARCH_PATHS = "$(inherited) @executable_path/Frameworks";
				PRODUCT_BUNDLE_IDENTIFIER = com.aventlabs.meet;
				PRODUCT_NAME = "$(TARGET_NAME)";
			};
			name = Release;
		};
/* End XCBuildConfiguration section */

/* Begin XCConfigurationList section */
		A1EEB2CC1D6C388D0089FA42 /* Build configuration list for PBXProject "MeetSwift" */ = {
			isa = XCConfigurationList;
			buildConfigurations = (
				A1EEB2E11D6C388D0089FA42 /* Debug */,
				A1EEB2E21D6C388D0089FA42 /* Release */,
			);
			defaultConfigurationIsVisible = 0;
			defaultConfigurationName = Release;
		};
		A1EEB2E31D6C388D0089FA42 /* Build configuration list for PBXNativeTarget "MeetSwift" */ = {
			isa = XCConfigurationList;
			buildConfigurations = (
				A1EEB2E41D6C388D0089FA42 /* Debug */,
				A1EEB2E51D6C388D0089FA42 /* Release */,
			);
			defaultConfigurationIsVisible = 0;
			defaultConfigurationName = Release;
		};
/* End XCConfigurationList section */
	};
	rootObject = A1EEB2C91D6C388D0089FA42 /* Project object */;
}
